// !$*UTF8*$!
{
	archiveVersion = 1;
	classes = {
	};
	objectVersion = 50;
	objects = {

/* Begin PBXBuildFile section */
		BA166C4E269FA14100898127 /* AppDelegate.swift in Sources */ = {isa = PBXBuildFile; fileRef = BA166C4D269FA14100898127 /* AppDelegate.swift */; };
		BA166C50269FA14100898127 /* SceneDelegate.swift in Sources */ = {isa = PBXBuildFile; fileRef = BA166C4F269FA14100898127 /* SceneDelegate.swift */; };
		BA166C52269FA14100898127 /* MainViewController.swift in Sources */ = {isa = PBXBuildFile; fileRef = BA166C51269FA14100898127 /* MainViewController.swift */; };
		BA166C55269FA14100898127 /* Main.storyboard in Resources */ = {isa = PBXBuildFile; fileRef = BA166C53269FA14100898127 /* Main.storyboard */; };
		BA166C57269FA14500898127 /* Assets.xcassets in Resources */ = {isa = PBXBuildFile; fileRef = BA166C56269FA14500898127 /* Assets.xcassets */; };
		BA166C5A269FA14500898127 /* LaunchScreen.storyboard in Resources */ = {isa = PBXBuildFile; fileRef = BA166C58269FA14500898127 /* LaunchScreen.storyboard */; };
		BA166C65269FE20C00898127 /* Frist.storyboard in Resources */ = {isa = PBXBuildFile; fileRef = BA166C64269FE20C00898127 /* Frist.storyboard */; };
		BA166C67269FE76800898127 /* FirstViewController.swift in Sources */ = {isa = PBXBuildFile; fileRef = BA166C66269FE76800898127 /* FirstViewController.swift */; };
		BA166C69269FEA6800898127 /* Second.storyboard in Resources */ = {isa = PBXBuildFile; fileRef = BA166C68269FEA6800898127 /* Second.storyboard */; };
		BA2ADEEA26A0F23D00D7A1FB /* Third.storyboard in Resources */ = {isa = PBXBuildFile; fileRef = BA2ADEE926A0F23D00D7A1FB /* Third.storyboard */; };
/* End PBXBuildFile section */

/* Begin PBXFileReference section */
		BA166C4A269FA14000898127 /* ScrollViewAutoLayout_Practice1.app */ = {isa = PBXFileReference; explicitFileType = wrapper.application; includeInIndex = 0; path = ScrollViewAutoLayout_Practice1.app; sourceTree = BUILT_PRODUCTS_DIR; };
		BA166C4D269FA14100898127 /* AppDelegate.swift */ = {isa = PBXFileReference; lastKnownFileType = sourcecode.swift; path = AppDelegate.swift; sourceTree = "<group>"; };
		BA166C4F269FA14100898127 /* SceneDelegate.swift */ = {isa = PBXFileReference; lastKnownFileType = sourcecode.swift; path = SceneDelegate.swift; sourceTree = "<group>"; };
		BA166C51269FA14100898127 /* MainViewController.swift */ = {isa = PBXFileReference; lastKnownFileType = sourcecode.swift; path = MainViewController.swift; sourceTree = "<group>"; };
		BA166C54269FA14100898127 /* Base */ = {isa = PBXFileReference; lastKnownFileType = file.storyboard; name = Base; path = Base.lproj/Main.storyboard; sourceTree = "<group>"; };
		BA166C56269FA14500898127 /* Assets.xcassets */ = {isa = PBXFileReference; lastKnownFileType = folder.assetcatalog; path = Assets.xcassets; sourceTree = "<group>"; };
		BA166C59269FA14500898127 /* Base */ = {isa = PBXFileReference; lastKnownFileType = file.storyboard; name = Base; path = Base.lproj/LaunchScreen.storyboard; sourceTree = "<group>"; };
		BA166C5B269FA14500898127 /* Info.plist */ = {isa = PBXFileReference; lastKnownFileType = text.plist.xml; path = Info.plist; sourceTree = "<group>"; };
		BA166C64269FE20C00898127 /* Frist.storyboard */ = {isa = PBXFileReference; fileEncoding = 4; lastKnownFileType = file.storyboard; path = Frist.storyboard; sourceTree = "<group>"; };
		BA166C66269FE76800898127 /* FirstViewController.swift */ = {isa = PBXFileReference; lastKnownFileType = sourcecode.swift; path = FirstViewController.swift; sourceTree = "<group>"; };
		BA166C68269FEA6800898127 /* Second.storyboard */ = {isa = PBXFileReference; fileEncoding = 4; lastKnownFileType = file.storyboard; path = Second.storyboard; sourceTree = "<group>"; };
		BA2ADEE926A0F23D00D7A1FB /* Third.storyboard */ = {isa = PBXFileReference; fileEncoding = 4; lastKnownFileType = file.storyboard; path = Third.storyboard; sourceTree = "<group>"; };
/* End PBXFileReference section */

/* Begin PBXFrameworksBuildPhase section */
		BA166C47269FA14000898127 /* Frameworks */ = {
			isa = PBXFrameworksBuildPhase;
			buildActionMask = 2147483647;
			files = (
			);
			runOnlyForDeploymentPostprocessing = 0;
		};
/* End PBXFrameworksBuildPhase section */

/* Begin PBXGroup section */
		BA166C41269FA14000898127 = {
			isa = PBXGroup;
			children = (
				BA166C4C269FA14000898127 /* ScrollViewAutoLayout_Practice1 */,
				BA166C4B269FA14000898127 /* Products */,
			);
			sourceTree = "<group>";
		};
		BA166C4B269FA14000898127 /* Products */ = {
			isa = PBXGroup;
			children = (
				BA166C4A269FA14000898127 /* ScrollViewAutoLayout_Practice1.app */,
			);
			name = Products;
			sourceTree = "<group>";
		};
		BA166C4C269FA14000898127 /* ScrollViewAutoLayout_Practice1 */ = {
			isa = PBXGroup;
			children = (
				BA166C51269FA14100898127 /* MainViewController.swift */,
				BA166C66269FE76800898127 /* FirstViewController.swift */,
				BA166C61269FA18900898127 /* AutoLayout */,
				BA166C4D269FA14100898127 /* AppDelegate.swift */,
				BA166C4F269FA14100898127 /* SceneDelegate.swift */,
				BA166C53269FA14100898127 /* Main.storyboard */,
				BA166C56269FA14500898127 /* Assets.xcassets */,
				BA166C58269FA14500898127 /* LaunchScreen.storyboard */,
				BA166C5B269FA14500898127 /* Info.plist */,
			);
			path = ScrollViewAutoLayout_Practice1;
			sourceTree = "<group>";
		};
		BA166C61269FA18900898127 /* AutoLayout */ = {
			isa = PBXGroup;
			children = (
				BA166C64269FE20C00898127 /* Frist.storyboard */,
				BA166C68269FEA6800898127 /* Second.storyboard */,
				BA2ADEE926A0F23D00D7A1FB /* Third.storyboard */,
			);
			path = AutoLayout;
			sourceTree = "<group>";
		};
/* End PBXGroup section */

/* Begin PBXNativeTarget section */
		BA166C49269FA14000898127 /* ScrollViewAutoLayout_Practice1 */ = {
			isa = PBXNativeTarget;
			buildConfigurationList = BA166C5E269FA14500898127 /* Build configuration list for PBXNativeTarget "ScrollViewAutoLayout_Practice1" */;
			buildPhases = (
				BA166C46269FA14000898127 /* Sources */,
				BA166C47269FA14000898127 /* Frameworks */,
				BA166C48269FA14000898127 /* Resources */,
			);
			buildRules = (
			);
			dependencies = (
			);
			name = ScrollViewAutoLayout_Practice1;
			productName = ScrollViewAutoLayout_Practice1;
			productReference = BA166C4A269FA14000898127 /* ScrollViewAutoLayout_Practice1.app */;
			productType = "com.apple.product-type.application";
		};
/* End PBXNativeTarget section */

/* Begin PBXProject section */
		BA166C42269FA14000898127 /* Project object */ = {
			isa = PBXProject;
			attributes = {
				LastSwiftUpdateCheck = 1250;
				LastUpgradeCheck = 1250;
				TargetAttributes = {
					BA166C49269FA14000898127 = {
						CreatedOnToolsVersion = 12.5.1;
					};
				};
			};
			buildConfigurationList = BA166C45269FA14000898127 /* Build configuration list for PBXProject "ScrollViewAutoLayout_Practice1" */;
			compatibilityVersion = "Xcode 9.3";
			developmentRegion = en;
			hasScannedForEncodings = 0;
			knownRegions = (
				en,
				Base,
			);
			mainGroup = BA166C41269FA14000898127;
			productRefGroup = BA166C4B269FA14000898127 /* Products */;
			projectDirPath = "";
			projectRoot = "";
			targets = (
				BA166C49269FA14000898127 /* ScrollViewAutoLayout_Practice1 */,
			);
		};
/* End PBXProject section */

/* Begin PBXResourcesBuildPhase section */
		BA166C48269FA14000898127 /* Resources */ = {
			isa = PBXResourcesBuildPhase;
			buildActionMask = 2147483647;
			files = (
				BA166C5A269FA14500898127 /* LaunchScreen.storyboard in Resources */,
				BA166C57269FA14500898127 /* Assets.xcassets in Resources */,
				BA166C55269FA14100898127 /* Main.storyboard in Resources */,
				BA166C69269FEA6800898127 /* Second.storyboard in Resources */,
				BA2ADEEA26A0F23D00D7A1FB /* Third.storyboard in Resources */,
				BA166C65269FE20C00898127 /* Frist.storyboard in Resources */,
			);
			runOnlyForDeploymentPostprocessing = 0;
		};
/* End PBXResourcesBuildPhase section */

/* Begin PBXSourcesBuildPhase section */
		BA166C46269FA14000898127 /* Sources */ = {
			isa = PBXSourcesBuildPhase;
			buildActionMask = 2147483647;
			files = (
				BA166C52269FA14100898127 /* MainViewController.swift in Sources */,
				BA166C4E269FA14100898127 /* AppDelegate.swift in Sources */,
				BA166C50269FA14100898127 /* SceneDelegate.swift in Sources */,
				BA166C67269FE76800898127 /* FirstViewController.swift in Sources */,
			);
			runOnlyForDeploymentPostprocessing = 0;
		};
/* End PBXSourcesBuildPhase section */

/* Begin PBXVariantGroup section */
		BA166C53269FA14100898127 /* Main.storyboard */ = {
			isa = PBXVariantGroup;
			children = (
				BA166C54269FA14100898127 /* Base */,
			);
			name = Main.storyboard;
			sourceTree = "<group>";
		};
		BA166C58269FA14500898127 /* LaunchScreen.storyboard */ = {
			isa = PBXVariantGroup;
			children = (
				BA166C59269FA14500898127 /* Base */,
			);
			name = LaunchScreen.storyboard;
			sourceTree = "<group>";
		};
/* End PBXVariantGroup section */

/* Begin XCBuildConfiguration section */
		BA166C5C269FA14500898127 /* Debug */ = {
			isa = XCBuildConfiguration;
			buildSettings = {
				ALWAYS_SEARCH_USER_PATHS = NO;
				CLANG_ANALYZER_NONNULL = YES;
				CLANG_ANALYZER_NUMBER_OBJECT_CONVERSION = YES_AGGRESSIVE;
				CLANG_CXX_LANGUAGE_STANDARD = "gnu++14";
				CLANG_CXX_LIBRARY = "libc++";
				CLANG_ENABLE_MODULES = YES;
				CLANG_ENABLE_OBJC_ARC = YES;
				CLANG_ENABLE_OBJC_WEAK = YES;
				CLANG_WARN_BLOCK_CAPTURE_AUTORELEASING = YES;
				CLANG_WARN_BOOL_CONVERSION = YES;
				CLANG_WARN_COMMA = YES;
				CLANG_WARN_CONSTANT_CONVERSION = YES;
				CLANG_WARN_DEPRECATED_OBJC_IMPLEMENTATIONS = YES;
				CLANG_WARN_DIRECT_OBJC_ISA_USAGE = YES_ERROR;
				CLANG_WARN_DOCUMENTATION_COMMENTS = YES;
				CLANG_WARN_EMPTY_BODY = YES;
				CLANG_WARN_ENUM_CONVERSION = YES;
				CLANG_WARN_INFINITE_RECURSION = YES;
				CLANG_WARN_INT_CONVERSION = YES;
				CLANG_WARN_NON_LITERAL_NULL_CONVERSION = YES;
				CLANG_WARN_OBJC_IMPLICIT_RETAIN_SELF = YES;
				CLANG_WARN_OBJC_LITERAL_CONVERSION = YES;
				CLANG_WARN_OBJC_ROOT_CLASS = YES_ERROR;
				CLANG_WARN_QUOTED_INCLUDE_IN_FRAMEWORK_HEADER = YES;
				CLANG_WARN_RANGE_LOOP_ANALYSIS = YES;
				CLANG_WARN_STRICT_PROTOTYPES = YES;
				CLANG_WARN_SUSPICIOUS_MOVE = YES;
				CLANG_WARN_UNGUARDED_AVAILABILITY = YES_AGGRESSIVE;
				CLANG_WARN_UNREACHABLE_CODE = YES;
				CLANG_WARN__DUPLICATE_METHOD_MATCH = YES;
				COPY_PHASE_STRIP = NO;
				DEBUG_INFORMATION_FORMAT = dwarf;
				ENABLE_STRICT_OBJC_MSGSEND = YES;
				ENABLE_TESTABILITY = YES;
				GCC_C_LANGUAGE_STANDARD = gnu11;
				GCC_DYNAMIC_NO_PIC = NO;
				GCC_NO_COMMON_BLOCKS = YES;
				GCC_OPTIMIZATION_LEVEL = 0;
				GCC_PREPROCESSOR_DEFINITIONS = (
					"DEBUG=1",
					"$(inherited)",
				);
				GCC_WARN_64_TO_32_BIT_CONVERSION = YES;
				GCC_WARN_ABOUT_RETURN_TYPE = YES_ERROR;
				GCC_WARN_UNDECLARED_SELECTOR = YES;
				GCC_WARN_UNINITIALIZED_AUTOS = YES_AGGRESSIVE;
				GCC_WARN_UNUSED_FUNCTION = YES;
				GCC_WARN_UNUSED_VARIABLE = YES;
				IPHONEOS_DEPLOYMENT_TARGET = 14.5;
				MTL_ENABLE_DEBUG_INFO = INCLUDE_SOURCE;
				MTL_FAST_MATH = YES;
				ONLY_ACTIVE_ARCH = YES;
				SDKROOT = iphoneos;
				SWIFT_ACTIVE_COMPILATION_CONDITIONS = DEBUG;
				SWIFT_OPTIMIZATION_LEVEL = "-Onone";
			};
			name = Debug;
		};
		BA166C5D269FA14500898127 /* Release */ = {
			isa = XCBuildConfiguration;
			buildSettings = {
				ALWAYS_SEARCH_USER_PATHS = NO;
				CLANG_ANALYZER_NONNULL = YES;
				CLANG_ANALYZER_NUMBER_OBJECT_CONVERSION = YES_AGGRESSIVE;
				CLANG_CXX_LANGUAGE_STANDARD = "gnu++14";
				CLANG_CXX_LIBRARY = "libc++";
				CLANG_ENABLE_MODULES = YES;
				CLANG_ENABLE_OBJC_ARC = YES;
				CLANG_ENABLE_OBJC_WEAK = YES;
				CLANG_WARN_BLOCK_CAPTURE_AUTORELEASING = YES;
				CLANG_WARN_BOOL_CONVERSION = YES;
				CLANG_WARN_COMMA = YES;
				CLANG_WARN_CONSTANT_CONVERSION = YES;
				CLANG_WARN_DEPRECATED_OBJC_IMPLEMENTATIONS = YES;
				CLANG_WARN_DIRECT_OBJC_ISA_USAGE = YES_ERROR;
				CLANG_WARN_DOCUMENTATION_COMMENTS = YES;
				CLANG_WARN_EMPTY_BODY = YES;
				CLANG_WARN_ENUM_CONVERSION = YES;
				CLANG_WARN_INFINITE_RECURSION = YES;
				CLANG_WARN_INT_CONVERSION = YES;
				CLANG_WARN_NON_LITERAL_NULL_CONVERSION = YES;
				CLANG_WARN_OBJC_IMPLICIT_RETAIN_SELF = YES;
				CLANG_WARN_OBJC_LITERAL_CONVERSION = YES;
				CLANG_WARN_OBJC_ROOT_CLASS = YES_ERROR;
				CLANG_WARN_QUOTED_INCLUDE_IN_FRAMEWORK_HEADER = YES;
				CLANG_WARN_RANGE_LOOP_ANALYSIS = YES;
				CLANG_WARN_STRICT_PROTOTYPES = YES;
				CLANG_WARN_SUSPICIOUS_MOVE = YES;
				CLANG_WARN_UNGUARDED_AVAILABILITY = YES_AGGRESSIVE;
				CLANG_WARN_UNREACHABLE_CODE = YES;
				CLANG_WARN__DUPLICATE_METHOD_MATCH = YES;
				COPY_PHASE_STRIP = NO;
				DEBUG_INFORMATION_FORMAT = "dwarf-with-dsym";
				ENABLE_NS_ASSERTIONS = NO;
				ENABLE_STRICT_OBJC_MSGSEND = YES;
				GCC_C_LANGUAGE_STANDARD = gnu11;
				GCC_NO_COMMON_BLOCKS = YES;
				GCC_WARN_64_TO_32_BIT_CONVERSION = YES;
				GCC_WARN_ABOUT_RETURN_TYPE = YES_ERROR;
				GCC_WARN_UNDECLARED_SELECTOR = YES;
				GCC_WARN_UNINITIALIZED_AUTOS = YES_AGGRESSIVE;
				GCC_WARN_UNUSED_FUNCTION = YES;
				GCC_WARN_UNUSED_VARIABLE = YES;
				IPHONEOS_DEPLOYMENT_TARGET = 14.5;
				MTL_ENABLE_DEBUG_INFO = NO;
				MTL_FAST_MATH = YES;
				SDKROOT = iphoneos;
				SWIFT_COMPILATION_MODE = wholemodule;
				SWIFT_OPTIMIZATION_LEVEL = "-O";
				VALIDATE_PRODUCT = YES;
			};
			name = Release;
		};
		BA166C5F269FA14500898127 /* Debug */ = {
			isa = XCBuildConfiguration;
			buildSettings = {
				ASSETCATALOG_COMPILER_APPICON_NAME = AppIcon;
				ASSETCATALOG_COMPILER_GLOBAL_ACCENT_COLOR_NAME = AccentColor;
				CODE_SIGN_STYLE = Automatic;
				DEVELOPMENT_TEAM = T74T7UNB27;
				INFOPLIST_FILE = ScrollViewAutoLayout_Practice1/Info.plist;
				LD_RUNPATH_SEARCH_PATHS = (
					"$(inherited)",
					"@executable_path/Frameworks",
				);
				PRODUCT_BUNDLE_IDENTIFIER = "ponta410422-icloud.com.ScrollViewAutoLayout-Practice1";
				PRODUCT_NAME = "$(TARGET_NAME)";
				SWIFT_VERSION = 5.0;
				TARGETED_DEVICE_FAMILY = "1,2";
			};
			name = Debug;
		};
		BA166C60269FA14500898127 /* Release */ = {
			isa = XCBuildConfiguration;
			buildSettings = {
				ASSETCATALOG_COMPILER_APPICON_NAME = AppIcon;
				ASSETCATALOG_COMPILER_GLOBAL_ACCENT_COLOR_NAME = AccentColor;
				CODE_SIGN_STYLE = Automatic;
				DEVELOPMENT_TEAM = T74T7UNB27;
				INFOPLIST_FILE = ScrollViewAutoLayout_Practice1/Info.plist;
				LD_RUNPATH_SEARCH_PATHS = (
					"$(inherited)",
					"@executable_path/Frameworks",
				);
				PRODUCT_BUNDLE_IDENTIFIER = "ponta410422-icloud.com.ScrollViewAutoLayout-Practice1";
				PRODUCT_NAME = "$(TARGET_NAME)";
				SWIFT_VERSION = 5.0;
				TARGETED_DEVICE_FAMILY = "1,2";
			};
			name = Release;
		};
/* End XCBuildConfiguration section */

/* Begin XCConfigurationList section */
		BA166C45269FA14000898127 /* Build configuration list for PBXProject "ScrollViewAutoLayout_Practice1" */ = {
			isa = XCConfigurationList;
			buildConfigurations = (
				BA166C5C269FA14500898127 /* Debug */,
				BA166C5D269FA14500898127 /* Release */,
			);
			defaultConfigurationIsVisible = 0;
			defaultConfigurationName = Release;
		};
		BA166C5E269FA14500898127 /* Build configuration list for PBXNativeTarget "ScrollViewAutoLayout_Practice1" */ = {
			isa = XCConfigurationList;
			buildConfigurations = (
				BA166C5F269FA14500898127 /* Debug */,
				BA166C60269FA14500898127 /* Release */,
			);
			defaultConfigurationIsVisible = 0;
			defaultConfigurationName = Release;
		};
/* End XCConfigurationList section */
	};
	rootObject = BA166C42269FA14000898127 /* Project object */;
}
