// !$*UTF8*$!
{
	archiveVersion = 1;
	classes = {
	};
	objectVersion = 50;
	objects = {

/* Begin PBXBuildFile section */
		BA7DE52426BAD7AA00CF5B62 /* AppDelegate.swift in Sources */ = {isa = PBXBuildFile; fileRef = BA7DE52326BAD7AA00CF5B62 /* AppDelegate.swift */; };
		BA7DE52626BAD7AA00CF5B62 /* SceneDelegate.swift in Sources */ = {isa = PBXBuildFile; fileRef = BA7DE52526BAD7AA00CF5B62 /* SceneDelegate.swift */; };
		BA7DE52826BAD7AA00CF5B62 /* MySwitcherViewController.swift in Sources */ = {isa = PBXBuildFile; fileRef = BA7DE52726BAD7AA00CF5B62 /* MySwitcherViewController.swift */; };
		BA7DE52B26BAD7AA00CF5B62 /* Main.storyboard in Resources */ = {isa = PBXBuildFile; fileRef = BA7DE52926BAD7AA00CF5B62 /* Main.storyboard */; };
		BA7DE52D26BAD7AE00CF5B62 /* Assets.xcassets in Resources */ = {isa = PBXBuildFile; fileRef = BA7DE52C26BAD7AE00CF5B62 /* Assets.xcassets */; };
		BA7DE53026BAD7AE00CF5B62 /* LaunchScreen.storyboard in Resources */ = {isa = PBXBuildFile; fileRef = BA7DE52E26BAD7AE00CF5B62 /* LaunchScreen.storyboard */; };
		BA7DE53926BADBD800CF5B62 /* MySwitcherConfig.swift in Sources */ = {isa = PBXBuildFile; fileRef = BA7DE53826BADBD800CF5B62 /* MySwitcherConfig.swift */; };
		BA7DE53B26BADBEF00CF5B62 /* MySwitcherView.swift in Sources */ = {isa = PBXBuildFile; fileRef = BA7DE53A26BADBEF00CF5B62 /* MySwitcherView.swift */; };
		BA7DE53D26BADC2F00CF5B62 /* MySwitcherViewController+setup.swift in Sources */ = {isa = PBXBuildFile; fileRef = BA7DE53C26BADC2F00CF5B62 /* MySwitcherViewController+setup.swift */; };
		BA7DE54026BADCCE00CF5B62 /* UIView+Constraint.swift in Sources */ = {isa = PBXBuildFile; fileRef = BA7DE53F26BADCCE00CF5B62 /* UIView+Constraint.swift */; };
		BA7DE54226BAE08600CF5B62 /* MySwticherContentView.swift in Sources */ = {isa = PBXBuildFile; fileRef = BA7DE54126BAE08600CF5B62 /* MySwticherContentView.swift */; };
		BA7DE54426BBA23400CF5B62 /* ContentViewController.swift in Sources */ = {isa = PBXBuildFile; fileRef = BA7DE54326BBA23300CF5B62 /* ContentViewController.swift */; };
		BA7DE54626BBA2C300CF5B62 /* ContentViewController.storyboard in Resources */ = {isa = PBXBuildFile; fileRef = BA7DE54526BBA2C200CF5B62 /* ContentViewController.storyboard */; };
		BA7DE54926BC23FC00CF5B62 /* MySwitcherViewController+delegate.swift in Sources */ = {isa = PBXBuildFile; fileRef = BA7DE54826BC23FC00CF5B62 /* MySwitcherViewController+delegate.swift */; };
/* End PBXBuildFile section */

/* Begin PBXFileReference section */
		BA7DE52026BAD7AA00CF5B62 /* ScrollViewAutoLayout_Practice4.app */ = {isa = PBXFileReference; explicitFileType = wrapper.application; includeInIndex = 0; path = ScrollViewAutoLayout_Practice4.app; sourceTree = BUILT_PRODUCTS_DIR; };
		BA7DE52326BAD7AA00CF5B62 /* AppDelegate.swift */ = {isa = PBXFileReference; lastKnownFileType = sourcecode.swift; path = AppDelegate.swift; sourceTree = "<group>"; };
		BA7DE52526BAD7AA00CF5B62 /* SceneDelegate.swift */ = {isa = PBXFileReference; lastKnownFileType = sourcecode.swift; path = SceneDelegate.swift; sourceTree = "<group>"; };
		BA7DE52726BAD7AA00CF5B62 /* MySwitcherViewController.swift */ = {isa = PBXFileReference; lastKnownFileType = sourcecode.swift; path = MySwitcherViewController.swift; sourceTree = "<group>"; };
		BA7DE52A26BAD7AA00CF5B62 /* Base */ = {isa = PBXFileReference; lastKnownFileType = file.storyboard; name = Base; path = Base.lproj/Main.storyboard; sourceTree = "<group>"; };
		BA7DE52C26BAD7AE00CF5B62 /* Assets.xcassets */ = {isa = PBXFileReference; lastKnownFileType = folder.assetcatalog; path = Assets.xcassets; sourceTree = "<group>"; };
		BA7DE52F26BAD7AE00CF5B62 /* Base */ = {isa = PBXFileReference; lastKnownFileType = file.storyboard; name = Base; path = Base.lproj/LaunchScreen.storyboard; sourceTree = "<group>"; };
		BA7DE53126BAD7AE00CF5B62 /* Info.plist */ = {isa = PBXFileReference; lastKnownFileType = text.plist.xml; path = Info.plist; sourceTree = "<group>"; };
		BA7DE53826BADBD800CF5B62 /* MySwitcherConfig.swift */ = {isa = PBXFileReference; lastKnownFileType = sourcecode.swift; path = MySwitcherConfig.swift; sourceTree = "<group>"; };
		BA7DE53A26BADBEF00CF5B62 /* MySwitcherView.swift */ = {isa = PBXFileReference; lastKnownFileType = sourcecode.swift; path = MySwitcherView.swift; sourceTree = "<group>"; };
		BA7DE53C26BADC2F00CF5B62 /* MySwitcherViewController+setup.swift */ = {isa = PBXFileReference; lastKnownFileType = sourcecode.swift; path = "MySwitcherViewController+setup.swift"; sourceTree = "<group>"; };
		BA7DE53F26BADCCE00CF5B62 /* UIView+Constraint.swift */ = {isa = PBXFileReference; lastKnownFileType = sourcecode.swift; path = "UIView+Constraint.swift"; sourceTree = "<group>"; };
		BA7DE54126BAE08600CF5B62 /* MySwticherContentView.swift */ = {isa = PBXFileReference; lastKnownFileType = sourcecode.swift; path = MySwticherContentView.swift; sourceTree = "<group>"; };
		BA7DE54326BBA23300CF5B62 /* ContentViewController.swift */ = {isa = PBXFileReference; lastKnownFileType = sourcecode.swift; path = ContentViewController.swift; sourceTree = "<group>"; };
		BA7DE54526BBA2C200CF5B62 /* ContentViewController.storyboard */ = {isa = PBXFileReference; lastKnownFileType = file.storyboard; path = ContentViewController.storyboard; sourceTree = "<group>"; };
		BA7DE54826BC23FC00CF5B62 /* MySwitcherViewController+delegate.swift */ = {isa = PBXFileReference; lastKnownFileType = sourcecode.swift; path = "MySwitcherViewController+delegate.swift"; sourceTree = "<group>"; };
/* End PBXFileReference section */

/* Begin PBXFrameworksBuildPhase section */
		BA7DE51D26BAD7AA00CF5B62 /* Frameworks */ = {
			isa = PBXFrameworksBuildPhase;
			buildActionMask = 2147483647;
			files = (
			);
			runOnlyForDeploymentPostprocessing = 0;
		};
/* End PBXFrameworksBuildPhase section */

/* Begin PBXGroup section */
		BA7DE51726BAD7AA00CF5B62 = {
			isa = PBXGroup;
			children = (
				BA7DE52226BAD7AA00CF5B62 /* ScrollViewAutoLayout_Practice4 */,
				BA7DE52126BAD7AA00CF5B62 /* Products */,
			);
			sourceTree = "<group>";
		};
		BA7DE52126BAD7AA00CF5B62 /* Products */ = {
			isa = PBXGroup;
			children = (
				BA7DE52026BAD7AA00CF5B62 /* ScrollViewAutoLayout_Practice4.app */,
			);
			name = Products;
			sourceTree = "<group>";
		};
		BA7DE52226BAD7AA00CF5B62 /* ScrollViewAutoLayout_Practice4 */ = {
			isa = PBXGroup;
			children = (
				BA7DE54726BC232800CF5B62 /* MySwitcherVCWithoutDelegate */,
				BA7DE53E26BADC8E00CF5B62 /* Exteinsion */,
				BA7DE53726BAD8A200CF5B62 /* MySwitcherVC */,
				BA7DE52326BAD7AA00CF5B62 /* AppDelegate.swift */,
				BA7DE52526BAD7AA00CF5B62 /* SceneDelegate.swift */,
				BA7DE52926BAD7AA00CF5B62 /* Main.storyboard */,
				BA7DE52C26BAD7AE00CF5B62 /* Assets.xcassets */,
				BA7DE52E26BAD7AE00CF5B62 /* LaunchScreen.storyboard */,
				BA7DE53126BAD7AE00CF5B62 /* Info.plist */,
			);
			path = ScrollViewAutoLayout_Practice4;
			sourceTree = "<group>";
		};
		BA7DE53726BAD8A200CF5B62 /* MySwitcherVC */ = {
			isa = PBXGroup;
			children = (
				BA7DE53826BADBD800CF5B62 /* MySwitcherConfig.swift */,
				BA7DE53A26BADBEF00CF5B62 /* MySwitcherView.swift */,
				BA7DE54126BAE08600CF5B62 /* MySwticherContentView.swift */,
				BA7DE52726BAD7AA00CF5B62 /* MySwitcherViewController.swift */,
				BA7DE53C26BADC2F00CF5B62 /* MySwitcherViewController+setup.swift */,
				BA7DE54826BC23FC00CF5B62 /* MySwitcherViewController+delegate.swift */,
				BA7DE54326BBA23300CF5B62 /* ContentViewController.swift */,
				BA7DE54526BBA2C200CF5B62 /* ContentViewController.storyboard */,
			);
			path = MySwitcherVC;
			sourceTree = "<group>";
		};
		BA7DE53E26BADC8E00CF5B62 /* Exteinsion */ = {
			isa = PBXGroup;
			children = (
				BA7DE53F26BADCCE00CF5B62 /* UIView+Constraint.swift */,
			);
			path = Exteinsion;
			sourceTree = "<group>";
		};
		BA7DE54726BC232800CF5B62 /* MySwitcherVCWithoutDelegate */ = {
			isa = PBXGroup;
			children = (
			);
			path = MySwitcherVCWithoutDelegate;
			sourceTree = "<group>";
		};
/* End PBXGroup section */

/* Begin PBXNativeTarget section */
		BA7DE51F26BAD7AA00CF5B62 /* ScrollViewAutoLayout_Practice4 */ = {
			isa = PBXNativeTarget;
			buildConfigurationList = BA7DE53426BAD7AE00CF5B62 /* Build configuration list for PBXNativeTarget "ScrollViewAutoLayout_Practice4" */;
			buildPhases = (
				BA7DE51C26BAD7AA00CF5B62 /* Sources */,
				BA7DE51D26BAD7AA00CF5B62 /* Frameworks */,
				BA7DE51E26BAD7AA00CF5B62 /* Resources */,
			);
			buildRules = (
			);
			dependencies = (
			);
			name = ScrollViewAutoLayout_Practice4;
			productName = ScrollViewAutoLayout_Practice4;
			productReference = BA7DE52026BAD7AA00CF5B62 /* ScrollViewAutoLayout_Practice4.app */;
			productType = "com.apple.product-type.application";
		};
/* End PBXNativeTarget section */

/* Begin PBXProject section */
		BA7DE51826BAD7AA00CF5B62 /* Project object */ = {
			isa = PBXProject;
			attributes = {
				LastSwiftUpdateCheck = 1250;
				LastUpgradeCheck = 1250;
				TargetAttributes = {
					BA7DE51F26BAD7AA00CF5B62 = {
						CreatedOnToolsVersion = 12.5.1;
					};
				};
			};
			buildConfigurationList = BA7DE51B26BAD7AA00CF5B62 /* Build configuration list for PBXProject "ScrollViewAutoLayout_Practice4" */;
			compatibilityVersion = "Xcode 9.3";
			developmentRegion = en;
			hasScannedForEncodings = 0;
			knownRegions = (
				en,
				Base,
			);
			mainGroup = BA7DE51726BAD7AA00CF5B62;
			productRefGroup = BA7DE52126BAD7AA00CF5B62 /* Products */;
			projectDirPath = "";
			projectRoot = "";
			targets = (
				BA7DE51F26BAD7AA00CF5B62 /* ScrollViewAutoLayout_Practice4 */,
			);
		};
/* End PBXProject section */

/* Begin PBXResourcesBuildPhase section */
		BA7DE51E26BAD7AA00CF5B62 /* Resources */ = {
			isa = PBXResourcesBuildPhase;
			buildActionMask = 2147483647;
			files = (
				BA7DE53026BAD7AE00CF5B62 /* LaunchScreen.storyboard in Resources */,
				BA7DE52D26BAD7AE00CF5B62 /* Assets.xcassets in Resources */,
				BA7DE54626BBA2C300CF5B62 /* ContentViewController.storyboard in Resources */,
				BA7DE52B26BAD7AA00CF5B62 /* Main.storyboard in Resources */,
			);
			runOnlyForDeploymentPostprocessing = 0;
		};
/* End PBXResourcesBuildPhase section */

/* Begin PBXSourcesBuildPhase section */
		BA7DE51C26BAD7AA00CF5B62 /* Sources */ = {
			isa = PBXSourcesBuildPhase;
			buildActionMask = 2147483647;
			files = (
				BA7DE52826BAD7AA00CF5B62 /* MySwitcherViewController.swift in Sources */,
				BA7DE54026BADCCE00CF5B62 /* UIView+Constraint.swift in Sources */,
				BA7DE52426BAD7AA00CF5B62 /* AppDelegate.swift in Sources */,
				BA7DE54226BAE08600CF5B62 /* MySwticherContentView.swift in Sources */,
				BA7DE54426BBA23400CF5B62 /* ContentViewController.swift in Sources */,
				BA7DE53B26BADBEF00CF5B62 /* MySwitcherView.swift in Sources */,
				BA7DE54926BC23FC00CF5B62 /* MySwitcherViewController+delegate.swift in Sources */,
				BA7DE53D26BADC2F00CF5B62 /* MySwitcherViewController+setup.swift in Sources */,
				BA7DE53926BADBD800CF5B62 /* MySwitcherConfig.swift in Sources */,
				BA7DE52626BAD7AA00CF5B62 /* SceneDelegate.swift in Sources */,
			);
			runOnlyForDeploymentPostprocessing = 0;
		};
/* End PBXSourcesBuildPhase section */

/* Begin PBXVariantGroup section */
		BA7DE52926BAD7AA00CF5B62 /* Main.storyboard */ = {
			isa = PBXVariantGroup;
			children = (
				BA7DE52A26BAD7AA00CF5B62 /* Base */,
			);
			name = Main.storyboard;
			sourceTree = "<group>";
		};
		BA7DE52E26BAD7AE00CF5B62 /* LaunchScreen.storyboard */ = {
			isa = PBXVariantGroup;
			children = (
				BA7DE52F26BAD7AE00CF5B62 /* Base */,
			);
			name = LaunchScreen.storyboard;
			sourceTree = "<group>";
		};
/* End PBXVariantGroup section */

/* Begin XCBuildConfiguration section */
		BA7DE53226BAD7AE00CF5B62 /* Debug */ = {
			isa = XCBuildConfiguration;
			buildSettings = {
				ALWAYS_SEARCH_USER_PATHS = NO;
				CLANG_ANALYZER_NONNULL = YES;
				CLANG_ANALYZER_NUMBER_OBJECT_CONVERSION = YES_AGGRESSIVE;
				CLANG_CXX_LANGUAGE_STANDARD = "gnu++14";
				CLANG_CXX_LIBRARY = "libc++";
				CLANG_ENABLE_MODULES = YES;
				CLANG_ENABLE_OBJC_ARC = YES;
				CLANG_ENABLE_OBJC_WEAK = YES;
				CLANG_WARN_BLOCK_CAPTURE_AUTORELEASING = YES;
				CLANG_WARN_BOOL_CONVERSION = YES;
				CLANG_WARN_COMMA = YES;
				CLANG_WARN_CONSTANT_CONVERSION = YES;
				CLANG_WARN_DEPRECATED_OBJC_IMPLEMENTATIONS = YES;
				CLANG_WARN_DIRECT_OBJC_ISA_USAGE = YES_ERROR;
				CLANG_WARN_DOCUMENTATION_COMMENTS = YES;
				CLANG_WARN_EMPTY_BODY = YES;
				CLANG_WARN_ENUM_CONVERSION = YES;
				CLANG_WARN_INFINITE_RECURSION = YES;
				CLANG_WARN_INT_CONVERSION = YES;
				CLANG_WARN_NON_LITERAL_NULL_CONVERSION = YES;
				CLANG_WARN_OBJC_IMPLICIT_RETAIN_SELF = YES;
				CLANG_WARN_OBJC_LITERAL_CONVERSION = YES;
				CLANG_WARN_OBJC_ROOT_CLASS = YES_ERROR;
				CLANG_WARN_QUOTED_INCLUDE_IN_FRAMEWORK_HEADER = YES;
				CLANG_WARN_RANGE_LOOP_ANALYSIS = YES;
				CLANG_WARN_STRICT_PROTOTYPES = YES;
				CLANG_WARN_SUSPICIOUS_MOVE = YES;
				CLANG_WARN_UNGUARDED_AVAILABILITY = YES_AGGRESSIVE;
				CLANG_WARN_UNREACHABLE_CODE = YES;
				CLANG_WARN__DUPLICATE_METHOD_MATCH = YES;
				COPY_PHASE_STRIP = NO;
				DEBUG_INFORMATION_FORMAT = dwarf;
				ENABLE_STRICT_OBJC_MSGSEND = YES;
				ENABLE_TESTABILITY = YES;
				GCC_C_LANGUAGE_STANDARD = gnu11;
				GCC_DYNAMIC_NO_PIC = NO;
				GCC_NO_COMMON_BLOCKS = YES;
				GCC_OPTIMIZATION_LEVEL = 0;
				GCC_PREPROCESSOR_DEFINITIONS = (
					"DEBUG=1",
					"$(inherited)",
				);
				GCC_WARN_64_TO_32_BIT_CONVERSION = YES;
				GCC_WARN_ABOUT_RETURN_TYPE = YES_ERROR;
				GCC_WARN_UNDECLARED_SELECTOR = YES;
				GCC_WARN_UNINITIALIZED_AUTOS = YES_AGGRESSIVE;
				GCC_WARN_UNUSED_FUNCTION = YES;
				GCC_WARN_UNUSED_VARIABLE = YES;
				IPHONEOS_DEPLOYMENT_TARGET = 14.5;
				MTL_ENABLE_DEBUG_INFO = INCLUDE_SOURCE;
				MTL_FAST_MATH = YES;
				ONLY_ACTIVE_ARCH = YES;
				SDKROOT = iphoneos;
				SWIFT_ACTIVE_COMPILATION_CONDITIONS = DEBUG;
				SWIFT_OPTIMIZATION_LEVEL = "-Onone";
			};
			name = Debug;
		};
		BA7DE53326BAD7AE00CF5B62 /* Release */ = {
			isa = XCBuildConfiguration;
			buildSettings = {
				ALWAYS_SEARCH_USER_PATHS = NO;
				CLANG_ANALYZER_NONNULL = YES;
				CLANG_ANALYZER_NUMBER_OBJECT_CONVERSION = YES_AGGRESSIVE;
				CLANG_CXX_LANGUAGE_STANDARD = "gnu++14";
				CLANG_CXX_LIBRARY = "libc++";
				CLANG_ENABLE_MODULES = YES;
				CLANG_ENABLE_OBJC_ARC = YES;
				CLANG_ENABLE_OBJC_WEAK = YES;
				CLANG_WARN_BLOCK_CAPTURE_AUTORELEASING = YES;
				CLANG_WARN_BOOL_CONVERSION = YES;
				CLANG_WARN_COMMA = YES;
				CLANG_WARN_CONSTANT_CONVERSION = YES;
				CLANG_WARN_DEPRECATED_OBJC_IMPLEMENTATIONS = YES;
				CLANG_WARN_DIRECT_OBJC_ISA_USAGE = YES_ERROR;
				CLANG_WARN_DOCUMENTATION_COMMENTS = YES;
				CLANG_WARN_EMPTY_BODY = YES;
				CLANG_WARN_ENUM_CONVERSION = YES;
				CLANG_WARN_INFINITE_RECURSION = YES;
				CLANG_WARN_INT_CONVERSION = YES;
				CLANG_WARN_NON_LITERAL_NULL_CONVERSION = YES;
				CLANG_WARN_OBJC_IMPLICIT_RETAIN_SELF = YES;
				CLANG_WARN_OBJC_LITERAL_CONVERSION = YES;
				CLANG_WARN_OBJC_ROOT_CLASS = YES_ERROR;
				CLANG_WARN_QUOTED_INCLUDE_IN_FRAMEWORK_HEADER = YES;
				CLANG_WARN_RANGE_LOOP_ANALYSIS = YES;
				CLANG_WARN_STRICT_PROTOTYPES = YES;
				CLANG_WARN_SUSPICIOUS_MOVE = YES;
				CLANG_WARN_UNGUARDED_AVAILABILITY = YES_AGGRESSIVE;
				CLANG_WARN_UNREACHABLE_CODE = YES;
				CLANG_WARN__DUPLICATE_METHOD_MATCH = YES;
				COPY_PHASE_STRIP = NO;
				DEBUG_INFORMATION_FORMAT = "dwarf-with-dsym";
				ENABLE_NS_ASSERTIONS = NO;
				ENABLE_STRICT_OBJC_MSGSEND = YES;
				GCC_C_LANGUAGE_STANDARD = gnu11;
				GCC_NO_COMMON_BLOCKS = YES;
				GCC_WARN_64_TO_32_BIT_CONVERSION = YES;
				GCC_WARN_ABOUT_RETURN_TYPE = YES_ERROR;
				GCC_WARN_UNDECLARED_SELECTOR = YES;
				GCC_WARN_UNINITIALIZED_AUTOS = YES_AGGRESSIVE;
				GCC_WARN_UNUSED_FUNCTION = YES;
				GCC_WARN_UNUSED_VARIABLE = YES;
				IPHONEOS_DEPLOYMENT_TARGET = 14.5;
				MTL_ENABLE_DEBUG_INFO = NO;
				MTL_FAST_MATH = YES;
				SDKROOT = iphoneos;
				SWIFT_COMPILATION_MODE = wholemodule;
				SWIFT_OPTIMIZATION_LEVEL = "-O";
				VALIDATE_PRODUCT = YES;
			};
			name = Release;
		};
		BA7DE53526BAD7AE00CF5B62 /* Debug */ = {
			isa = XCBuildConfiguration;
			buildSettings = {
				ASSETCATALOG_COMPILER_APPICON_NAME = AppIcon;
				ASSETCATALOG_COMPILER_GLOBAL_ACCENT_COLOR_NAME = AccentColor;
				CODE_SIGN_STYLE = Automatic;
				DEVELOPMENT_TEAM = T74T7UNB27;
				INFOPLIST_FILE = ScrollViewAutoLayout_Practice4/Info.plist;
				IPHONEOS_DEPLOYMENT_TARGET = 13.0;
				LD_RUNPATH_SEARCH_PATHS = (
					"$(inherited)",
					"@executable_path/Frameworks",
				);
				PRODUCT_BUNDLE_IDENTIFIER = "ponta410422-icloud.com.ScrollViewAutoLayout-Practice4";
				PRODUCT_NAME = "$(TARGET_NAME)";
				SWIFT_VERSION = 5.0;
				TARGETED_DEVICE_FAMILY = 1;
			};
			name = Debug;
		};
		BA7DE53626BAD7AE00CF5B62 /* Release */ = {
			isa = XCBuildConfiguration;
			buildSettings = {
				ASSETCATALOG_COMPILER_APPICON_NAME = AppIcon;
				ASSETCATALOG_COMPILER_GLOBAL_ACCENT_COLOR_NAME = AccentColor;
				CODE_SIGN_STYLE = Automatic;
				DEVELOPMENT_TEAM = T74T7UNB27;
				INFOPLIST_FILE = ScrollViewAutoLayout_Practice4/Info.plist;
				IPHONEOS_DEPLOYMENT_TARGET = 13.0;
				LD_RUNPATH_SEARCH_PATHS = (
					"$(inherited)",
					"@executable_path/Frameworks",
				);
				PRODUCT_BUNDLE_IDENTIFIER = "ponta410422-icloud.com.ScrollViewAutoLayout-Practice4";
				PRODUCT_NAME = "$(TARGET_NAME)";
				SWIFT_VERSION = 5.0;
				TARGETED_DEVICE_FAMILY = 1;
			};
			name = Release;
		};
/* End XCBuildConfiguration section */

/* Begin XCConfigurationList section */
		BA7DE51B26BAD7AA00CF5B62 /* Build configuration list for PBXProject "ScrollViewAutoLayout_Practice4" */ = {
			isa = XCConfigurationList;
			buildConfigurations = (
				BA7DE53226BAD7AE00CF5B62 /* Debug */,
				BA7DE53326BAD7AE00CF5B62 /* Release */,
			);
			defaultConfigurationIsVisible = 0;
			defaultConfigurationName = Release;
		};
		BA7DE53426BAD7AE00CF5B62 /* Build configuration list for PBXNativeTarget "ScrollViewAutoLayout_Practice4" */ = {
			isa = XCConfigurationList;
			buildConfigurations = (
				BA7DE53526BAD7AE00CF5B62 /* Debug */,
				BA7DE53626BAD7AE00CF5B62 /* Release */,
			);
			defaultConfigurationIsVisible = 0;
			defaultConfigurationName = Release;
		};
/* End XCConfigurationList section */
	};
	rootObject = BA7DE51826BAD7AA00CF5B62 /* Project object */;
}
